hash: e543f3b0e300abdaaac1412789290f7c175951bd8e6d09b3848d778bb4c60bbd
updated: 2016-10-31T09:51:02.940143085-04:00
imports:
- name: code.cloudfoundry.org/cli
  version: fdc323b2867fd934dfa16cd8d0bf89db0552283e
  subpackages:
  - cf/configuration/confighelpers
  - cf/formatters
  - cf/i18n
  - cf/models
  - cf/resources
  - plugin
  - plugin/models
- name: github.com/dchest/uniuri
  version: 8902c56451e9b58ff940bbe5fec35d5f9c04584a
- name: github.com/nicksnyder/go-i18n
  version: 37e5c2de3e03e4b82693e3fcb4a6aa2cc4eb07e3
  repo: https://github.com/nicksnyder/go-i18n
  subpackages:
  - i18n
  - i18n/bundle
  - i18n/language
  - i18n/translation
- name: gopkg.in/yaml.v2
  version: e4d366fc3c7938e2958e662b4258c7a89e1f0e3e
  repo: https://gopkg.in/yaml.v2
testImports: []
